
Microsoft Visual Studio Solution File, Format Version 12.00
# Visual Studio Version 16
VisualStudioVersion = 16.0.30114.105
MinimumVisualStudioVersion = 10.0.40219.1
Project("{FAE04EC0-301F-11D3-BF4B-00C04F79EFBC}") = "ASPNETCore_Angular_Azure", "ASPNETCore_Angular_Azure.csproj", "{2E9C781F-D27B-4893-85FF-93CB1B2E3D13}"
EndProject
Global
	GlobalSection(SolutionConfigurationPlatforms) = preSolution
		Debug|Any CPU = Debug|Any CPU
		Release|Any CPU = Release|Any CPU
	EndGlobalSection
	GlobalSection(ProjectConfigurationPlatforms) = postSolution
		{2E9C781F-D27B-4893-85FF-93CB1B2E3D13}.Debug|Any CPU.ActiveCfg = Debug|Any CPU
		{2E9C781F-D27B-4893-85FF-93CB1B2E3D13}.Debug|Any CPU.Build.0 = Debug|Any CPU
		{2E9C781F-D27B-4893-85FF-93CB1B2E3D13}.Release|Any CPU.ActiveCfg = Release|Any CPU
		{2E9C781F-D27B-4893-85FF-93CB1B2E3D13}.Release|Any CPU.Build.0 = Release|Any CPU
	EndGlobalSection
	GlobalSection(SolutionProperties) = preSolution
		HideSolutionNode = FALSE
	EndGlobalSection
	GlobalSection(ExtensibilityGlobals) = postSolution
		SolutionGuid = {4F11CCDD-558C-4947-BBE2-18E1A12E35CE}
	EndGlobalSection
EndGlobal
